// !$*UTF8*$!
{
	archiveVersion = 1;
	classes = {
	};
	objectVersion = 56;
	objects = {

/* Begin PBXBuildFile section */
		6F59F42D2B985FBC00E528AE /* Demystified __DemystifiedApp.swift in Sources */ = {isa = PBXBuildFile; fileRef = 6F59F42C2B985FBC00E528AE /* Demystified __DemystifiedApp.swift */; };
		6F59F42F2B985FBC00E528AE /* ContentView.swift in Sources */ = {isa = PBXBuildFile; fileRef = 6F59F42E2B985FBC00E528AE /* ContentView.swift */; };
		6F59F4312B985FBE00E528AE /* Assets.xcassets in Resources */ = {isa = PBXBuildFile; fileRef = 6F59F4302B985FBE00E528AE /* Assets.xcassets */; };
		6F59F4342B985FBE00E528AE /* Preview Assets.xcassets in Resources */ = {isa = PBXBuildFile; fileRef = 6F59F4332B985FBE00E528AE /* Preview Assets.xcassets */; };
		6F59F43F2B9F556900E528AE /* leçon.swift in Sources */ = {isa = PBXBuildFile; fileRef = 6F59F43E2B9F556900E528AE /* leçon.swift */; };
		6F59F4412BA0548100E528AE /* TabViewPage.swift in Sources */ = {isa = PBXBuildFile; fileRef = 6F59F4402BA0548100E528AE /* TabViewPage.swift */; };
		6F59F4432BA150D900E528AE /* Introduction.swift in Sources */ = {isa = PBXBuildFile; fileRef = 6F59F4422BA150D900E528AE /* Introduction.swift */; };
		6F59F4452BA4903B00E528AE /* Profil.swift in Sources */ = {isa = PBXBuildFile; fileRef = 6F59F4442BA4903B00E528AE /* Profil.swift */; };
		6F59F4492BAB921600E528AE /* StateVar.swift in Sources */ = {isa = PBXBuildFile; fileRef = 6F59F4482BAB921600E528AE /* StateVar.swift */; };
/* End PBXBuildFile section */

/* Begin PBXFileReference section */
		6F59F4292B985FBC00E528AE /* C++ Demystified.app */ = {isa = PBXFileReference; explicitFileType = wrapper.application; includeInIndex = 0; path = "C++ Demystified.app"; sourceTree = BUILT_PRODUCTS_DIR; };
		6F59F42C2B985FBC00E528AE /* Demystified __DemystifiedApp.swift */ = {isa = PBXFileReference; lastKnownFileType = sourcecode.swift; path = "Demystified __DemystifiedApp.swift"; sourceTree = "<group>"; };
		6F59F42E2B985FBC00E528AE /* ContentView.swift */ = {isa = PBXFileReference; lastKnownFileType = sourcecode.swift; path = ContentView.swift; sourceTree = "<group>"; };
		6F59F4302B985FBE00E528AE /* Assets.xcassets */ = {isa = PBXFileReference; lastKnownFileType = folder.assetcatalog; path = Assets.xcassets; sourceTree = "<group>"; };
		6F59F4332B985FBE00E528AE /* Preview Assets.xcassets */ = {isa = PBXFileReference; lastKnownFileType = folder.assetcatalog; path = "Preview Assets.xcassets"; sourceTree = "<group>"; };
		6F59F43E2B9F556900E528AE /* leçon.swift */ = {isa = PBXFileReference; lastKnownFileType = sourcecode.swift; path = "leçon.swift"; sourceTree = "<group>"; };
		6F59F4402BA0548100E528AE /* TabViewPage.swift */ = {isa = PBXFileReference; lastKnownFileType = sourcecode.swift; path = TabViewPage.swift; sourceTree = "<group>"; };
		6F59F4422BA150D900E528AE /* Introduction.swift */ = {isa = PBXFileReference; lastKnownFileType = sourcecode.swift; path = Introduction.swift; sourceTree = "<group>"; };
		6F59F4442BA4903B00E528AE /* Profil.swift */ = {isa = PBXFileReference; lastKnownFileType = sourcecode.swift; path = Profil.swift; sourceTree = "<group>"; };
		6F59F4482BAB921600E528AE /* StateVar.swift */ = {isa = PBXFileReference; fileEncoding = 4; lastKnownFileType = sourcecode.swift; path = StateVar.swift; sourceTree = "<group>"; };
/* End PBXFileReference section */

/* Begin PBXFrameworksBuildPhase section */
		6F59F4262B985FBC00E528AE /* Frameworks */ = {
			isa = PBXFrameworksBuildPhase;
			buildActionMask = 2147483647;
			files = (
			);
			runOnlyForDeploymentPostprocessing = 0;
		};
/* End PBXFrameworksBuildPhase section */

/* Begin PBXGroup section */
		6F59F4202B985FBC00E528AE = {
			isa = PBXGroup;
			children = (
				6F59F42B2B985FBC00E528AE /* C++ Demystified */,
				6F59F42A2B985FBC00E528AE /* Products */,
			);
			sourceTree = "<group>";
		};
		6F59F42A2B985FBC00E528AE /* Products */ = {
			isa = PBXGroup;
			children = (
				6F59F4292B985FBC00E528AE /* C++ Demystified.app */,
			);
			name = Products;
			sourceTree = "<group>";
		};
		6F59F42B2B985FBC00E528AE /* C++ Demystified */ = {
			isa = PBXGroup;
			children = (
				6F59F4402BA0548100E528AE /* TabViewPage.swift */,
				6F59F4442BA4903B00E528AE /* Profil.swift */,
				6F59F42C2B985FBC00E528AE /* Demystified __DemystifiedApp.swift */,
				6F59F43E2B9F556900E528AE /* leçon.swift */,
				6F59F42E2B985FBC00E528AE /* ContentView.swift */,
				6F59F4422BA150D900E528AE /* Introduction.swift */,
				6F59F4482BAB921600E528AE /* StateVar.swift */,
				6F59F4302B985FBE00E528AE /* Assets.xcassets */,
				6F59F4322B985FBE00E528AE /* Preview Content */,
			);
			path = "C++ Demystified";
			sourceTree = "<group>";
		};
		6F59F4322B985FBE00E528AE /* Preview Content */ = {
			isa = PBXGroup;
			children = (
				6F59F4332B985FBE00E528AE /* Preview Assets.xcassets */,
			);
			path = "Preview Content";
			sourceTree = "<group>";
		};
/* End PBXGroup section */

/* Begin PBXNativeTarget section */
		6F59F4282B985FBC00E528AE /* C++ Demystified */ = {
			isa = PBXNativeTarget;
			buildConfigurationList = 6F59F4372B985FBE00E528AE /* Build configuration list for PBXNativeTarget "C++ Demystified" */;
			buildPhases = (
				6F59F4252B985FBC00E528AE /* Sources */,
				6F59F4262B985FBC00E528AE /* Frameworks */,
				6F59F4272B985FBC00E528AE /* Resources */,
			);
			buildRules = (
			);
			dependencies = (
			);
			name = "C++ Demystified";
			productName = "C++ Demystified";
			productReference = 6F59F4292B985FBC00E528AE /* C++ Demystified.app */;
			productType = "com.apple.product-type.application";
		};
/* End PBXNativeTarget section */

/* Begin PBXProject section */
		6F59F4212B985FBC00E528AE /* Project object */ = {
			isa = PBXProject;
			attributes = {
				BuildIndependentTargetsInParallel = 1;
				LastSwiftUpdateCheck = 1520;
				LastUpgradeCheck = 1520;
				TargetAttributes = {
					6F59F4282B985FBC00E528AE = {
						CreatedOnToolsVersion = 15.2;
					};
				};
			};
			buildConfigurationList = 6F59F4242B985FBC00E528AE /* Build configuration list for PBXProject "C++ Demystified" */;
			compatibilityVersion = "Xcode 14.0";
			developmentRegion = en;
			hasScannedForEncodings = 0;
			knownRegions = (
				en,
				Base,
			);
			mainGroup = 6F59F4202B985FBC00E528AE;
			productRefGroup = 6F59F42A2B985FBC00E528AE /* Products */;
			projectDirPath = "";
			projectRoot = "";
			targets = (
				6F59F4282B985FBC00E528AE /* C++ Demystified */,
			);
		};
/* End PBXProject section */

/* Begin PBXResourcesBuildPhase section */
		6F59F4272B985FBC00E528AE /* Resources */ = {
			isa = PBXResourcesBuildPhase;
			buildActionMask = 2147483647;
			files = (
				6F59F4342B985FBE00E528AE /* Preview Assets.xcassets in Resources */,
				6F59F4312B985FBE00E528AE /* Assets.xcassets in Resources */,
			);
			runOnlyForDeploymentPostprocessing = 0;
		};
/* End PBXResourcesBuildPhase section */

/* Begin PBXSourcesBuildPhase section */
		6F59F4252B985FBC00E528AE /* Sources */ = {
			isa = PBXSourcesBuildPhase;
			buildActionMask = 2147483647;
			files = (
				6F59F43F2B9F556900E528AE /* leçon.swift in Sources */,
				6F59F4452BA4903B00E528AE /* Profil.swift in Sources */,
				6F59F4432BA150D900E528AE /* Introduction.swift in Sources */,
				6F59F42F2B985FBC00E528AE /* ContentView.swift in Sources */,
				6F59F42D2B985FBC00E528AE /* Demystified __DemystifiedApp.swift in Sources */,
				6F59F4492BAB921600E528AE /* StateVar.swift in Sources */,
				6F59F4412BA0548100E528AE /* TabViewPage.swift in Sources */,
			);
			runOnlyForDeploymentPostprocessing = 0;
		};
/* End PBXSourcesBuildPhase section */

/* Begin XCBuildConfiguration section */
		6F59F4352B985FBE00E528AE /* Debug */ = {
			isa = XCBuildConfiguration;
			buildSettings = {
				ALWAYS_SEARCH_USER_PATHS = NO;
				ASSETCATALOG_COMPILER_GENERATE_SWIFT_ASSET_SYMBOL_EXTENSIONS = YES;
				CLANG_ANALYZER_NONNULL = YES;
				CLANG_ANALYZER_NUMBER_OBJECT_CONVERSION = YES_AGGRESSIVE;
				CLANG_CXX_LANGUAGE_STANDARD = "gnu++20";
				CLANG_ENABLE_MODULES = YES;
				CLANG_ENABLE_OBJC_ARC = YES;
				CLANG_ENABLE_OBJC_WEAK = YES;
				CLANG_WARN_BLOCK_CAPTURE_AUTORELEASING = YES;
				CLANG_WARN_BOOL_CONVERSION = YES;
				CLANG_WARN_COMMA = YES;
				CLANG_WARN_CONSTANT_CONVERSION = YES;
				CLANG_WARN_DEPRECATED_OBJC_IMPLEMENTATIONS = YES;
				CLANG_WARN_DIRECT_OBJC_ISA_USAGE = YES_ERROR;
				CLANG_WARN_DOCUMENTATION_COMMENTS = YES;
				CLANG_WARN_EMPTY_BODY = YES;
				CLANG_WARN_ENUM_CONVERSION = YES;
				CLANG_WARN_INFINITE_RECURSION = YES;
				CLANG_WARN_INT_CONVERSION = YES;
				CLANG_WARN_NON_LITERAL_NULL_CONVERSION = YES;
				CLANG_WARN_OBJC_IMPLICIT_RETAIN_SELF = YES;
				CLANG_WARN_OBJC_LITERAL_CONVERSION = YES;
				CLANG_WARN_OBJC_ROOT_CLASS = YES_ERROR;
				CLANG_WARN_QUOTED_INCLUDE_IN_FRAMEWORK_HEADER = YES;
				CLANG_WARN_RANGE_LOOP_ANALYSIS = YES;
				CLANG_WARN_STRICT_PROTOTYPES = YES;
				CLANG_WARN_SUSPICIOUS_MOVE = YES;
				CLANG_WARN_UNGUARDED_AVAILABILITY = YES_AGGRESSIVE;
				CLANG_WARN_UNREACHABLE_CODE = YES;
				CLANG_WARN__DUPLICATE_METHOD_MATCH = YES;
				COPY_PHASE_STRIP = NO;
				DEBUG_INFORMATION_FORMAT = dwarf;
				ENABLE_STRICT_OBJC_MSGSEND = YES;
				ENABLE_TESTABILITY = YES;
				ENABLE_USER_SCRIPT_SANDBOXING = YES;
				GCC_C_LANGUAGE_STANDARD = gnu17;
				GCC_DYNAMIC_NO_PIC = NO;
				GCC_NO_COMMON_BLOCKS = YES;
				GCC_OPTIMIZATION_LEVEL = 0;
				GCC_PREPROCESSOR_DEFINITIONS = (
					"DEBUG=1",
					"$(inherited)",
				);
				GCC_WARN_64_TO_32_BIT_CONVERSION = YES;
				GCC_WARN_ABOUT_RETURN_TYPE = YES_ERROR;
				GCC_WARN_UNDECLARED_SELECTOR = YES;
				GCC_WARN_UNINITIALIZED_AUTOS = YES_AGGRESSIVE;
				GCC_WARN_UNUSED_FUNCTION = YES;
				GCC_WARN_UNUSED_VARIABLE = YES;
				IPHONEOS_DEPLOYMENT_TARGET = 17.2;
				LOCALIZATION_PREFERS_STRING_CATALOGS = YES;
				MTL_ENABLE_DEBUG_INFO = INCLUDE_SOURCE;
				MTL_FAST_MATH = YES;
				ONLY_ACTIVE_ARCH = YES;
				SDKROOT = iphoneos;
				SWIFT_ACTIVE_COMPILATION_CONDITIONS = "DEBUG $(inherited)";
				SWIFT_OPTIMIZATION_LEVEL = "-Onone";
			};
			name = Debug;
		};
		6F59F4362B985FBE00E528AE /* Release */ = {
			isa = XCBuildConfiguration;
			buildSettings = {
				ALWAYS_SEARCH_USER_PATHS = NO;
				ASSETCATALOG_COMPILER_GENERATE_SWIFT_ASSET_SYMBOL_EXTENSIONS = YES;
				CLANG_ANALYZER_NONNULL = YES;
				CLANG_ANALYZER_NUMBER_OBJECT_CONVERSION = YES_AGGRESSIVE;
				CLANG_CXX_LANGUAGE_STANDARD = "gnu++20";
				CLANG_ENABLE_MODULES = YES;
				CLANG_ENABLE_OBJC_ARC = YES;
				CLANG_ENABLE_OBJC_WEAK = YES;
				CLANG_WARN_BLOCK_CAPTURE_AUTORELEASING = YES;
				CLANG_WARN_BOOL_CONVERSION = YES;
				CLANG_WARN_COMMA = YES;
				CLANG_WARN_CONSTANT_CONVERSION = YES;
				CLANG_WARN_DEPRECATED_OBJC_IMPLEMENTATIONS = YES;
				CLANG_WARN_DIRECT_OBJC_ISA_USAGE = YES_ERROR;
				CLANG_WARN_DOCUMENTATION_COMMENTS = YES;
				CLANG_WARN_EMPTY_BODY = YES;
				CLANG_WARN_ENUM_CONVERSION = YES;
				CLANG_WARN_INFINITE_RECURSION = YES;
				CLANG_WARN_INT_CONVERSION = YES;
				CLANG_WARN_NON_LITERAL_NULL_CONVERSION = YES;
				CLANG_WARN_OBJC_IMPLICIT_RETAIN_SELF = YES;
				CLANG_WARN_OBJC_LITERAL_CONVERSION = YES;
				CLANG_WARN_OBJC_ROOT_CLASS = YES_ERROR;
				CLANG_WARN_QUOTED_INCLUDE_IN_FRAMEWORK_HEADER = YES;
				CLANG_WARN_RANGE_LOOP_ANALYSIS = YES;
				CLANG_WARN_STRICT_PROTOTYPES = YES;
				CLANG_WARN_SUSPICIOUS_MOVE = YES;
				CLANG_WARN_UNGUARDED_AVAILABILITY = YES_AGGRESSIVE;
				CLANG_WARN_UNREACHABLE_CODE = YES;
				CLANG_WARN__DUPLICATE_METHOD_MATCH = YES;
				COPY_PHASE_STRIP = NO;
				DEBUG_INFORMATION_FORMAT = "dwarf-with-dsym";
				ENABLE_NS_ASSERTIONS = NO;
				ENABLE_STRICT_OBJC_MSGSEND = YES;
				ENABLE_USER_SCRIPT_SANDBOXING = YES;
				GCC_C_LANGUAGE_STANDARD = gnu17;
				GCC_NO_COMMON_BLOCKS = YES;
				GCC_WARN_64_TO_32_BIT_CONVERSION = YES;
				GCC_WARN_ABOUT_RETURN_TYPE = YES_ERROR;
				GCC_WARN_UNDECLARED_SELECTOR = YES;
				GCC_WARN_UNINITIALIZED_AUTOS = YES_AGGRESSIVE;
				GCC_WARN_UNUSED_FUNCTION = YES;
				GCC_WARN_UNUSED_VARIABLE = YES;
				IPHONEOS_DEPLOYMENT_TARGET = 17.2;
				LOCALIZATION_PREFERS_STRING_CATALOGS = YES;
				MTL_ENABLE_DEBUG_INFO = NO;
				MTL_FAST_MATH = YES;
				SDKROOT = iphoneos;
				SWIFT_COMPILATION_MODE = wholemodule;
				VALIDATE_PRODUCT = YES;
			};
			name = Release;
		};
		6F59F4382B985FBE00E528AE /* Debug */ = {
			isa = XCBuildConfiguration;
			buildSettings = {
				ASSETCATALOG_COMPILER_APPICON_NAME = AppIcon;
				ASSETCATALOG_COMPILER_GLOBAL_ACCENT_COLOR_NAME = AccentColor;
				CODE_SIGN_STYLE = Automatic;
				CURRENT_PROJECT_VERSION = 1;
				DEVELOPMENT_ASSET_PATHS = "\"C++ Demystified/Preview Content\"";
				ENABLE_PREVIEWS = YES;
				GENERATE_INFOPLIST_FILE = YES;
				INFOPLIST_KEY_UIApplicationSceneManifest_Generation = YES;
				INFOPLIST_KEY_UIApplicationSupportsIndirectInputEvents = YES;
				INFOPLIST_KEY_UILaunchScreen_Generation = YES;
				INFOPLIST_KEY_UISupportedInterfaceOrientations_iPad = "UIInterfaceOrientationPortrait UIInterfaceOrientationPortraitUpsideDown UIInterfaceOrientationLandscapeLeft UIInterfaceOrientationLandscapeRight";
				INFOPLIST_KEY_UISupportedInterfaceOrientations_iPhone = "UIInterfaceOrientationPortrait UIInterfaceOrientationLandscapeLeft UIInterfaceOrientationLandscapeRight";
				LD_RUNPATH_SEARCH_PATHS = (
					"$(inherited)",
					"@executable_path/Frameworks",
				);
				MARKETING_VERSION = 1.0;
				PRODUCT_BUNDLE_IDENTIFIER = "none.C---Demystified";
				PRODUCT_NAME = "$(TARGET_NAME)";
				SWIFT_EMIT_LOC_STRINGS = YES;
				SWIFT_VERSION = 5.0;
				TARGETED_DEVICE_FAMILY = "1,2";
			};
			name = Debug;
		};
		6F59F4392B985FBE00E528AE /* Release */ = {
			isa = XCBuildConfiguration;
			buildSettings = {
				ASSETCATALOG_COMPILER_APPICON_NAME = AppIcon;
				ASSETCATALOG_COMPILER_GLOBAL_ACCENT_COLOR_NAME = AccentColor;
				CODE_SIGN_STYLE = Automatic;
				CURRENT_PROJECT_VERSION = 1;
				DEVELOPMENT_ASSET_PATHS = "\"C++ Demystified/Preview Content\"";
				ENABLE_PREVIEWS = YES;
				GENERATE_INFOPLIST_FILE = YES;
				INFOPLIST_KEY_UIApplicationSceneManifest_Generation = YES;
				INFOPLIST_KEY_UIApplicationSupportsIndirectInputEvents = YES;
				INFOPLIST_KEY_UILaunchScreen_Generation = YES;
				INFOPLIST_KEY_UISupportedInterfaceOrientations_iPad = "UIInterfaceOrientationPortrait UIInterfaceOrientationPortraitUpsideDown UIInterfaceOrientationLandscapeLeft UIInterfaceOrientationLandscapeRight";
				INFOPLIST_KEY_UISupportedInterfaceOrientations_iPhone = "UIInterfaceOrientationPortrait UIInterfaceOrientationLandscapeLeft UIInterfaceOrientationLandscapeRight";
				LD_RUNPATH_SEARCH_PATHS = (
					"$(inherited)",
					"@executable_path/Frameworks",
				);
				MARKETING_VERSION = 1.0;
				PRODUCT_BUNDLE_IDENTIFIER = "none.C---Demystified";
				PRODUCT_NAME = "$(TARGET_NAME)";
				SWIFT_EMIT_LOC_STRINGS = YES;
				SWIFT_VERSION = 5.0;
				TARGETED_DEVICE_FAMILY = "1,2";
			};
			name = Release;
		};
/* End XCBuildConfiguration section */

/* Begin XCConfigurationList section */
		6F59F4242B985FBC00E528AE /* Build configuration list for PBXProject "C++ Demystified" */ = {
			isa = XCConfigurationList;
			buildConfigurations = (
				6F59F4352B985FBE00E528AE /* Debug */,
				6F59F4362B985FBE00E528AE /* Release */,
			);
			defaultConfigurationIsVisible = 0;
			defaultConfigurationName = Release;
		};
		6F59F4372B985FBE00E528AE /* Build configuration list for PBXNativeTarget "C++ Demystified" */ = {
			isa = XCConfigurationList;
			buildConfigurations = (
				6F59F4382B985FBE00E528AE /* Debug */,
				6F59F4392B985FBE00E528AE /* Release */,
			);
			defaultConfigurationIsVisible = 0;
			defaultConfigurationName = Release;
		};
/* End XCConfigurationList section */
	};
	rootObject = 6F59F4212B985FBC00E528AE /* Project object */;
}
